
Microsoft Visual Studio Solution File, Format Version 12.00
# Visual Studio Version 17
VisualStudioVersion = 17.2.32519.379
MinimumVisualStudioVersion = 10.0.40219.1
Project("{FAE04EC0-301F-11D3-BF4B-00C04F79EFBC}") = "CirculateArray", "CirculateArray\CirculateArray.csproj", "{AC8A4F19-2980-4335-90B1-2F664ED64C6C}"
EndProject
Global
	GlobalSection(SolutionConfigurationPlatforms) = preSolution
		Debug|Any CPU = Debug|Any CPU
		Release|Any CPU = Release|Any CPU
	EndGlobalSection
	GlobalSection(ProjectConfigurationPlatforms) = postSolution
		{AC8A4F19-2980-4335-90B1-2F664ED64C6C}.Debug|Any CPU.ActiveCfg = Debug|Any CPU
		{AC8A4F19-2980-4335-90B1-2F664ED64C6C}.Debug|Any CPU.Build.0 = Debug|Any CPU
		{AC8A4F19-2980-4335-90B1-2F664ED64C6C}.Release|Any CPU.ActiveCfg = Release|Any CPU
		{AC8A4F19-2980-4335-90B1-2F664ED64C6C}.Release|Any CPU.Build.0 = Release|Any CPU
	EndGlobalSection
	GlobalSection(SolutionProperties) = preSolution
		HideSolutionNode = FALSE
	EndGlobalSection
	GlobalSection(ExtensibilityGlobals) = postSolution
		SolutionGuid = {62078646-47D8-4B2B-8584-AB90A0ECBB6D}
	EndGlobalSection
EndGlobal
